<?xml version="1.0" encoding="utf-8"?>
<Project ToolsVersion="4.0" xmlns="http://schemas.microsoft.com/developer/msbuild/2003">
  <ItemGroup>
    <Filter Include="Source Files">
      <UniqueIdentifier>{4FC737F1-C7A5-4376-A066-2A32D752A2FF}</UniqueIdentifier>
      <Extensions>cpp;c;cc;cxx;c++;cppm;ixx;def;odl;idl;hpj;bat;asm;asmx</Extensions>
    </Filter>
    <Filter Include="Header Files">
      <UniqueIdentifier>{93995380-89BD-4b04-88EB-625FBE52EBFB}</UniqueIdentifier>
      <Extensions>h;hh;hpp;hxx;h++;hm;inl;inc;ipp;xsd</Extensions>
    </Filter>
    <Filter Include="Resource Files">
      <UniqueIdentifier>{67DA6AB6-F800-4c08-8B7A-83BB121AAD01}</UniqueIdentifier>
      <Extensions>rc;ico;cur;bmp;dlg;rc2;rct;bin;rgs;gif;jpg;jpeg;jpe;resx;tiff;tif;png;wav;mfcribbon-ms</Extensions>
    </Filter>
  </ItemGroup>
  <ItemGroup>
    <ClInclude Include="inc\IniHelper.h">
      <Filter>Header Files</Filter>
    </ClInclude>
    <ClInclude Include="inc\keyboard.h">
      <Filter>Header Files</Filter>
    </ClInclude>
    <ClInclude Include="inc\LoopedParticle.h">
      <Filter>Header Files</Filter>
    </ClInclude>
    <ClInclude Include="inc\MathEx.h">
      <Filter>Header Files</Filter>
    </ClInclude>
    <ClInclude Include="inc\script.h">
      <Filter>Header Files</Filter>
    </ClInclude>
    <ClInclude Include="inc\TornadoFactory.h">
      <Filter>Header Files</Filter>
    </ClInclude>
    <ClInclude Include="inc\TornadoMenu.h">
      <Filter>Header Files</Filter>
    </ClInclude>
    <ClInclude Include="inc\TornadoParticle.h">
      <Filter>Header Files</Filter>
    </ClInclude>
    <ClInclude Include="inc\TornadoVortex.h">
      <Filter>Header Files</Filter>
    </ClInclude>
    <ClInclude Include="inc\Logger.h">
      <Filter>Header Files</Filter>
    </ClInclude>
    <ClInclude Include="inc\main.h">
      <Filter>Header Files</Filter>
    </ClInclude>
    <ClInclude Include="inc\AudioManager.h">
      <Filter>Header Files</Filter>
    </ClInclude>
    <ClInclude Include="inc\resource.h">
      <Filter>Header Files</Filter>
    </ClInclude>
    <ClInclude Include="ThirdParty\SoLoud\include\soloud.h">
      <Filter>Header Files</Filter>
    </ClInclude>
    <ClInclude Include="ThirdParty\SoLoud\include\soloud_audiosource.h">
      <Filter>Header Files</Filter>
    </ClInclude>
    <ClInclude Include="ThirdParty\SoLoud\include\soloud_bassboostfilter.h">
      <Filter>Header Files</Filter>
    </ClInclude>
    <ClInclude Include="ThirdParty\SoLoud\include\soloud_biquadresonantfilter.h">
      <Filter>Header Files</Filter>
    </ClInclude>
    <ClInclude Include="ThirdParty\SoLoud\include\soloud_bus.h">
      <Filter>Header Files</Filter>
    </ClInclude>
    <ClInclude Include="ThirdParty\SoLoud\include\soloud_c.h">
      <Filter>Header Files</Filter>
    </ClInclude>
    <ClInclude Include="ThirdParty\SoLoud\include\soloud_dcremovalfilter.h">
      <Filter>Header Files</Filter>
    </ClInclude>
    <ClInclude Include="ThirdParty\SoLoud\include\soloud_echofilter.h">
      <Filter>Header Files</Filter>
    </ClInclude>
    <ClInclude Include="ThirdParty\SoLoud\include\soloud_error.h">
      <Filter>Header Files</Filter>
    </ClInclude>
    <ClInclude Include="ThirdParty\SoLoud\include\soloud_fader.h">
      <Filter>Header Files</Filter>
    </ClInclude>
    <ClInclude Include="ThirdParty\SoLoud\include\soloud_fft.h">
      <Filter>Header Files</Filter>
    </ClInclude>
    <ClInclude Include="ThirdParty\SoLoud\include\soloud_fftfilter.h">
      <Filter>Header Files</Filter>
    </ClInclude>
    <ClInclude Include="ThirdParty\SoLoud\include\soloud_file.h">
      <Filter>Header Files</Filter>
    </ClInclude>
    <ClInclude Include="ThirdParty\SoLoud\include\soloud_file_hack_off.h">
      <Filter>Header Files</Filter>
    </ClInclude>
    <ClInclude Include="ThirdParty\SoLoud\include\soloud_file_hack_on.h">
      <Filter>Header Files</Filter>
    </ClInclude>
    <ClInclude Include="ThirdParty\SoLoud\include\soloud_filter.h">
      <Filter>Header Files</Filter>
    </ClInclude>
    <ClInclude Include="ThirdParty\SoLoud\include\soloud_flangerfilter.h">
      <Filter>Header Files</Filter>
    </ClInclude>
    <ClInclude Include="ThirdParty\SoLoud\include\soloud_freeverbfilter.h">
      <Filter>Header Files</Filter>
    </ClInclude>
    <ClInclude Include="ThirdParty\SoLoud\include\soloud_internal.h">
      <Filter>Header Files</Filter>
    </ClInclude>
    <ClInclude Include="ThirdParty\SoLoud\include\soloud_lofifilter.h">
      <Filter>Header Files</Filter>
    </ClInclude>
    <ClInclude Include="ThirdParty\SoLoud\include\soloud_misc.h">
      <Filter>Header Files</Filter>
    </ClInclude>
    <ClInclude Include="ThirdParty\SoLoud\include\soloud_monotone.h">
      <Filter>Header Files</Filter>
    </ClInclude>
    <ClInclude Include="ThirdParty\SoLoud\include\soloud_noise.h">
      <Filter>Header Files</Filter>
    </ClInclude>
    <ClInclude Include="ThirdParty\SoLoud\include\soloud_openmpt.h">
      <Filter>Header Files</Filter>
    </ClInclude>
    <ClInclude Include="ThirdParty\SoLoud\include\soloud_queue.h">
      <Filter>Header Files</Filter>
    </ClInclude>
    <ClInclude Include="ThirdParty\SoLoud\include\soloud_robotizefilter.h">
      <Filter>Header Files</Filter>
    </ClInclude>
    <ClInclude Include="ThirdParty\SoLoud\include\soloud_sfxr.h">
      <Filter>Header Files</Filter>
    </ClInclude>
    <ClInclude Include="ThirdParty\SoLoud\include\soloud_speech.h">
      <Filter>Header Files</Filter>
    </ClInclude>
    <ClInclude Include="ThirdParty\SoLoud\include\soloud_tedsid.h">
      <Filter>Header Files</Filter>
    </ClInclude>
    <ClInclude Include="ThirdParty\SoLoud\include\soloud_thread.h">
      <Filter>Header Files</Filter>
    </ClInclude>
    <ClInclude Include="ThirdParty\SoLoud\include\soloud_vic.h">
      <Filter>Header Files</Filter>
    </ClInclude>
    <ClInclude Include="ThirdParty\SoLoud\include\soloud_vizsn.h">
      <Filter>Header Files</Filter>
    </ClInclude>
    <ClInclude Include="ThirdParty\SoLoud\include\soloud_wav.h">
      <Filter>Header Files</Filter>
    </ClInclude>
    <ClInclude Include="ThirdParty\SoLoud\include\soloud_waveshaperfilter.h">
      <Filter>Header Files</Filter>
    </ClInclude>
    <ClInclude Include="ThirdParty\SoLoud\include\soloud_wavstream.h">
      <Filter>Header Files</Filter>
    </ClInclude>
    <ClInclude Include="ThirdParty\SoLoud\src\wav\dr_flac.h">
      <Filter>Header Files</Filter>
    </ClInclude>
    <ClInclude Include="ThirdParty\SoLoud\src\wav\dr_mp3.h">
      <Filter>Header Files</Filter>
    </ClInclude>
    <ClInclude Include="ThirdParty\SoLoud\src\wav\dr_wav.h">
      <Filter>Header Files</Filter>
    </ClInclude>
    <ClInclude Include="ThirdParty\SoLoud\src\wav\stb_vorbis.h">
      <Filter>Header Files</Filter>
    </ClInclude>
    <ClInclude Include="inc\XmlHelper.h">
      <Filter>Header Files</Filter>
    </ClInclude>
    <ClInclude Include="ThirdParty\tinyxml2\tinyxml2.h">
      <Filter>Header Files</Filter>
    </ClInclude>
  </ItemGroup>
  <ItemGroup>
    <ClCompile Include="src\physics\TornadoFactory.cpp">
      <Filter>Source Files</Filter>
    </ClCompile>
    <ClCompile Include="src\physics\TornadoParticle.cpp">
      <Filter>Source Files</Filter>
    </ClCompile>
    <ClCompile Include="src\physics\TornadoVortex.cpp">
      <Filter>Source Files</Filter>
    </ClCompile>
    <ClCompile Include="src\core\main.cpp">
      <Filter>Source Files</Filter>
    </ClCompile>
    <ClCompile Include="src\core\script.cpp">
      <Filter>Source Files</Filter>
    </ClCompile>
    <ClCompile Include="src\ui\TornadoMenu.cpp">
      <Filter>Source Files</Filter>
    </ClCompile>
    <ClCompile Include="src\utils\IniHelper.cpp">
      <Filter>Source Files</Filter>
    </ClCompile>
    <ClCompile Include="src\utils\keyboard.cpp">
      <Filter>Source Files</Filter>
    </ClCompile>
    <ClCompile Include="src\utils\LoopedParticle.cpp">
      <Filter>Source Files</Filter>
    </ClCompile>
    <ClCompile Include="src\utils\MathEx.cpp">
      <Filter>Source Files</Filter>
    </ClCompile>
    <ClCompile Include="src\utils\AudioManager.cpp">
      <Filter>Source Files</Filter>
    </ClCompile>
    <ClCompile Include="src\utils\Logger.cpp">
      <Filter>Source Files</Filter>
    </ClCompile>
    <ClCompile Include="ThirdParty\SoLoud\src\backend\winmm\soloud_winmm.cpp">
      <Filter>Source Files</Filter>
    </ClCompile>
    <ClCompile Include="ThirdParty\SoLoud\src\core\soloud.cpp">
      <Filter>Source Files</Filter>
    </ClCompile>
    <ClCompile Include="ThirdParty\SoLoud\src\core\soloud_audiosource.cpp">
      <Filter>Source Files</Filter>
    </ClCompile>
    <ClCompile Include="ThirdParty\SoLoud\src\core\soloud_bus.cpp">
      <Filter>Source Files</Filter>
    </ClCompile>
    <ClCompile Include="ThirdParty\SoLoud\src\core\soloud_core_3d.cpp">
      <Filter>Source Files</Filter>
    </ClCompile>
    <ClCompile Include="ThirdParty\SoLoud\src\core\soloud_core_basicops.cpp">
      <Filter>Source Files</Filter>
    </ClCompile>
    <ClCompile Include="ThirdParty\SoLoud\src\core\soloud_core_faderops.cpp">
      <Filter>Source Files</Filter>
    </ClCompile>
    <ClCompile Include="ThirdParty\SoLoud\src\core\soloud_core_filterops.cpp">
      <Filter>Source Files</Filter>
    </ClCompile>
    <ClCompile Include="ThirdParty\SoLoud\src\core\soloud_core_getters.cpp">
      <Filter>Source Files</Filter>
    </ClCompile>
    <ClCompile Include="ThirdParty\SoLoud\src\core\soloud_core_setters.cpp">
      <Filter>Source Files</Filter>
    </ClCompile>
    <ClCompile Include="ThirdParty\SoLoud\src\core\soloud_core_voicegroup.cpp">
      <Filter>Source Files</Filter>
    </ClCompile>
    <ClCompile Include="ThirdParty\SoLoud\src\core\soloud_core_voiceops.cpp">
      <Filter>Source Files</Filter>
    </ClCompile>
    <ClCompile Include="ThirdParty\SoLoud\src\core\soloud_fader.cpp">
      <Filter>Source Files</Filter>
    </ClCompile>
    <ClCompile Include="ThirdParty\SoLoud\src\core\soloud_fft.cpp">
      <Filter>Source Files</Filter>
    </ClCompile>
    <ClCompile Include="ThirdParty\SoLoud\src\core\soloud_fft_lut.cpp">
      <Filter>Source Files</Filter>
    </ClCompile>
    <ClCompile Include="ThirdParty\SoLoud\src\core\soloud_file.cpp">
      <Filter>Source Files</Filter>
    </ClCompile>
    <ClCompile Include="ThirdParty\SoLoud\src\core\soloud_filter.cpp">
      <Filter>Source Files</Filter>
    </ClCompile>
    <ClCompile Include="ThirdParty\SoLoud\src\core\soloud_misc.cpp">
      <Filter>Source Files</Filter>
    </ClCompile>
    <ClCompile Include="ThirdParty\SoLoud\src\core\soloud_queue.cpp">
      <Filter>Source Files</Filter>
    </ClCompile>
    <ClCompile Include="ThirdParty\SoLoud\src\core\soloud_thread.cpp">
      <Filter>Source Files</Filter>
    </ClCompile>
    <ClCompile Include="ThirdParty\SoLoud\src\wav\dr_impl.cpp">
      <Filter>Source Files</Filter>
    </ClCompile>
    <ClCompile Include="ThirdParty\SoLoud\src\wav\soloud_wav.cpp">
      <Filter>Source Files</Filter>
    </ClCompile>
    <ClCompile Include="ThirdParty\SoLoud\src\wav\soloud_wavstream.cpp">
      <Filter>Source Files</Filter>
    </ClCompile>
    <ClCompile Include="ThirdParty\SoLoud\src\wav\stb_vorbis.c">
      <Filter>Source Files</Filter>
    </ClCompile>
    <ClCompile Include="src\utils\XmlHelper.cpp">
      <Filter>Source Files</Filter>
    </ClCompile>
  </ItemGroup>
  <ItemGroup>
    <ResourceCompile Include="TornadoV.rc">
      <Filter>Resource Files</Filter>
    </ResourceCompile>
  </ItemGroup>
  <ItemGroup>
    <None Include="Resources\TornadoV.ini" />
  </ItemGroup>
  <ItemGroup>
    <Xml Include="Resources\menu_config.xml" />
  </ItemGroup>
  <ItemGroup>
    <Media Include="Resources\Sounds\eas_alert.wav">
      <Filter>Resource Files</Filter>
    </Media>
    <Media Include="Resources\Sounds\tornado-weather-alert.wav">
      <Filter>Resource Files</Filter>
    </Media>
    <Media Include="Resources\Sounds\rumble-bass-2.wav">
      <Filter>Resource Files</Filter>
    </Media>
  </ItemGroup>
</Project>